// !$*UTF8*$!
{
	archiveVersion = 1;
	classes = {
	};
	objectVersion = 56;
	objects = {

/* Begin PBXBuildFile section */
		/* Screen Saver target */
		AA00001C000000000000000A /* Quote.swift in Sources */ = {isa = PBXBuildFile; fileRef = AA000011000000000000000A /* Quote.swift */; };
		AA00001D000000000000000A /* FallbackQuotes.swift in Sources */ = {isa = PBXBuildFile; fileRef = AA000012000000000000000A /* FallbackQuotes.swift */; };
		AA00001E000000000000000A /* QuoteStore.swift in Sources */ = {isa = PBXBuildFile; fileRef = AA000013000000000000000A /* QuoteStore.swift */; };
		AA00001F000000000000000A /* GradientView.swift in Sources */ = {isa = PBXBuildFile; fileRef = AA000014000000000000000A /* GradientView.swift */; };
		AA000020000000000000000A /* QuoteCardView.swift in Sources */ = {isa = PBXBuildFile; fileRef = AA000015000000000000000A /* QuoteCardView.swift */; };
		AA000021000000000000000A /* ContentView.swift in Sources */ = {isa = PBXBuildFile; fileRef = AA000016000000000000000A /* ContentView.swift */; };
		AA000022000000000000000A /* ScreenSaverView.swift in Sources */ = {isa = PBXBuildFile; fileRef = AA000017000000000000000A /* ScreenSaverView.swift */; };
		AA000024000000000000000A /* ScreenSaver.framework in Frameworks */ = {isa = PBXBuildFile; fileRef = AA00001A000000000000000A /* ScreenSaver.framework */; };
		/* App target */
		CC00000F000000000000000A /* AppMain.swift in Sources */ = {isa = PBXBuildFile; fileRef = CC00000B000000000000000A /* AppMain.swift */; };
		CC000010000000000000000A /* InstallView.swift in Sources */ = {isa = PBXBuildFile; fileRef = CC00000C000000000000000A /* InstallView.swift */; };
		CC000011000000000000000A /* MotivationalScreenSaver.saver in Embed Screen Savers */ = {isa = PBXBuildFile; fileRef = AA00001B000000000000000A /* MotivationalScreenSaver.saver */; settings = {ATTRIBUTES = (RemoveHeadersOnCopy, ); }; };
/* End PBXBuildFile section */

/* Begin PBXContainerItemProxy section */
		CC000013000000000000000A /* PBXContainerItemProxy */ = {
			isa = PBXContainerItemProxy;
			containerPortal = AA000001000000000000000A /* Project object */;
			proxyType = 1;
			remoteGlobalIDString = AA000007000000000000000A;
			remoteInfo = MotivationalScreenSaver;
		};
/* End PBXContainerItemProxy section */

/* Begin PBXCopyFilesBuildPhase section */
		CC000009000000000000000A /* Embed Screen Savers */ = {
			isa = PBXCopyFilesBuildPhase;
			buildActionMask = 2147483647;
			dstPath = "$(CONTENTS_FOLDER_PATH)/Library/Screen Savers";
			dstSubfolderSpec = 16;
			files = (
				CC000011000000000000000A /* MotivationalScreenSaver.saver in Embed Screen Savers */,
			);
			name = "Embed Screen Savers";
			runOnlyForDeploymentPostprocessing = 0;
		};
/* End PBXCopyFilesBuildPhase section */

/* Begin PBXFileReference section */
		AA000011000000000000000A /* Quote.swift */ = {isa = PBXFileReference; lastKnownFileType = sourcecode.swift; path = Quote.swift; sourceTree = "<group>"; };
		AA000012000000000000000A /* FallbackQuotes.swift */ = {isa = PBXFileReference; lastKnownFileType = sourcecode.swift; path = FallbackQuotes.swift; sourceTree = "<group>"; };
		AA000013000000000000000A /* QuoteStore.swift */ = {isa = PBXFileReference; lastKnownFileType = sourcecode.swift; path = QuoteStore.swift; sourceTree = "<group>"; };
		AA000014000000000000000A /* GradientView.swift */ = {isa = PBXFileReference; lastKnownFileType = sourcecode.swift; path = GradientView.swift; sourceTree = "<group>"; };
		AA000015000000000000000A /* QuoteCardView.swift */ = {isa = PBXFileReference; lastKnownFileType = sourcecode.swift; path = QuoteCardView.swift; sourceTree = "<group>"; };
		AA000016000000000000000A /* ContentView.swift */ = {isa = PBXFileReference; lastKnownFileType = sourcecode.swift; path = ContentView.swift; sourceTree = "<group>"; };
		AA000017000000000000000A /* ScreenSaverView.swift */ = {isa = PBXFileReference; lastKnownFileType = sourcecode.swift; path = ScreenSaverView.swift; sourceTree = "<group>"; };
		AA000018000000000000000A /* Info.plist */ = {isa = PBXFileReference; lastKnownFileType = text.plist.xml; path = Info.plist; sourceTree = "<group>"; };
		AA000019000000000000000A /* MotivationalScreenSaver.entitlements */ = {isa = PBXFileReference; lastKnownFileType = text.plist.entitlements; path = MotivationalScreenSaver.entitlements; sourceTree = "<group>"; };
		AA00001A000000000000000A /* ScreenSaver.framework */ = {isa = PBXFileReference; lastKnownFileType = wrapper.framework; name = ScreenSaver.framework; path = System/Library/Frameworks/ScreenSaver.framework; sourceTree = SDKROOT; };
		AA00001B000000000000000A /* MotivationalScreenSaver.saver */ = {isa = PBXFileReference; explicitFileType = wrapper.cfbundle; includeInIndex = 0; path = MotivationalScreenSaver.saver; sourceTree = BUILT_PRODUCTS_DIR; };
		CC00000B000000000000000A /* AppMain.swift */ = {isa = PBXFileReference; lastKnownFileType = sourcecode.swift; path = AppMain.swift; sourceTree = "<group>"; };
		CC00000C000000000000000A /* InstallView.swift */ = {isa = PBXFileReference; lastKnownFileType = sourcecode.swift; path = InstallView.swift; sourceTree = "<group>"; };
		CC00000D000000000000000A /* Info.plist */ = {isa = PBXFileReference; lastKnownFileType = text.plist.xml; path = Info.plist; sourceTree = "<group>"; };
		CC00000E000000000000000A /* MotivationalScreenSaverApp.entitlements */ = {isa = PBXFileReference; lastKnownFileType = text.plist.entitlements; path = MotivationalScreenSaverApp.entitlements; sourceTree = "<group>"; };
		CC000001000000000000000A /* Motivational Screen Saver.app */ = {isa = PBXFileReference; explicitFileType = wrapper.application; includeInIndex = 0; path = "Motivational Screen Saver.app"; sourceTree = BUILT_PRODUCTS_DIR; };
/* End PBXFileReference section */

/* Begin PBXFrameworksBuildPhase section */
		AA00000F000000000000000A /* Frameworks */ = {
			isa = PBXFrameworksBuildPhase;
			buildActionMask = 2147483647;
			files = (
				AA000024000000000000000A /* ScreenSaver.framework in Frameworks */,
			);
			runOnlyForDeploymentPostprocessing = 0;
		};
		CC000008000000000000000A /* Frameworks */ = {
			isa = PBXFrameworksBuildPhase;
			buildActionMask = 2147483647;
			files = (
			);
			runOnlyForDeploymentPostprocessing = 0;
		};
/* End PBXFrameworksBuildPhase section */

/* Begin PBXGroup section */
		AA000002000000000000000A /* MotivationalScreenSaver */ = {
			isa = PBXGroup;
			children = (
				CC00000A000000000000000A /* App */,
				AA000004000000000000000A /* Sources */,
				AA000005000000000000000A /* Resources */,
				AA000006000000000000000A /* Frameworks */,
				AA000019000000000000000A /* MotivationalScreenSaver.entitlements */,
				AA000003000000000000000A /* Products */,
			);
			sourceTree = "<group>";
		};
		AA000003000000000000000A /* Products */ = {
			isa = PBXGroup;
			children = (
				AA00001B000000000000000A /* MotivationalScreenSaver.saver */,
				CC000001000000000000000A /* Motivational Screen Saver.app */,
			);
			name = Products;
			sourceTree = "<group>";
		};
		AA000004000000000000000A /* Sources */ = {
			isa = PBXGroup;
			children = (
				AA000011000000000000000A /* Quote.swift */,
				AA000012000000000000000A /* FallbackQuotes.swift */,
				AA000013000000000000000A /* QuoteStore.swift */,
				AA000014000000000000000A /* GradientView.swift */,
				AA000015000000000000000A /* QuoteCardView.swift */,
				AA000016000000000000000A /* ContentView.swift */,
				AA000017000000000000000A /* ScreenSaverView.swift */,
			);
			path = Sources;
			sourceTree = "<group>";
		};
		AA000005000000000000000A /* Resources */ = {
			isa = PBXGroup;
			children = (
				AA000018000000000000000A /* Info.plist */,
			);
			path = Resources;
			sourceTree = "<group>";
		};
		AA000006000000000000000A /* Frameworks */ = {
			isa = PBXGroup;
			children = (
				AA00001A000000000000000A /* ScreenSaver.framework */,
			);
			name = Frameworks;
			sourceTree = "<group>";
		};
		CC00000A000000000000000A /* App */ = {
			isa = PBXGroup;
			children = (
				CC00000B000000000000000A /* AppMain.swift */,
				CC00000C000000000000000A /* InstallView.swift */,
				CC00000D000000000000000A /* Info.plist */,
				CC00000E000000000000000A /* MotivationalScreenSaverApp.entitlements */,
			);
			path = App;
			sourceTree = "<group>";
		};
/* End PBXGroup section */

/* Begin PBXNativeTarget section */
		AA000007000000000000000A /* MotivationalScreenSaver */ = {
			isa = PBXNativeTarget;
			buildConfigurationList = AA000009000000000000000A /* Build configuration list for PBXNativeTarget "MotivationalScreenSaver" */;
			buildPhases = (
				AA00000E000000000000000A /* Sources */,
				AA00000F000000000000000A /* Frameworks */,
				AA000010000000000000000A /* Resources */,
			);
			buildRules = (
			);
			dependencies = (
			);
			name = MotivationalScreenSaver;
			productName = MotivationalScreenSaver;
			productReference = AA00001B000000000000000A /* MotivationalScreenSaver.saver */;
			productType = "com.apple.product-type.screen-saver";
		};
		CC000002000000000000000A /* Motivational Screen Saver */ = {
			isa = PBXNativeTarget;
			buildConfigurationList = CC000003000000000000000A /* Build configuration list for PBXNativeTarget "Motivational Screen Saver" */;
			buildPhases = (
				CC000006000000000000000A /* Sources */,
				CC000008000000000000000A /* Frameworks */,
				CC000007000000000000000A /* Resources */,
				CC000009000000000000000A /* Embed Screen Savers */,
			);
			buildRules = (
			);
			dependencies = (
				CC000012000000000000000A /* PBXTargetDependency */,
			);
			name = "Motivational Screen Saver";
			productName = "Motivational Screen Saver";
			productReference = CC000001000000000000000A /* Motivational Screen Saver.app */;
			productType = "com.apple.product-type.application";
		};
/* End PBXNativeTarget section */

/* Begin PBXProject section */
		AA000001000000000000000A /* Project object */ = {
			isa = PBXProject;
			attributes = {
				BuildIndependentTargetsInParallel = 1;
				LastSwiftUpdateCheck = 1600;
				LastUpgradeCheck = 1600;
				TargetAttributes = {
					AA000007000000000000000A = {
						CreatedOnToolsVersion = 16.0;
					};
					CC000002000000000000000A = {
						CreatedOnToolsVersion = 16.0;
					};
				};
			};
			buildConfigurationList = AA000008000000000000000A /* Build configuration list for PBXProject "MotivationalScreenSaver" */;
			compatibilityVersion = "Xcode 14.0";
			developmentRegion = en;
			hasScannedForEncodings = 0;
			knownRegions = (
				en,
				Base,
			);
			mainGroup = AA000002000000000000000A;
			productRefGroup = AA000003000000000000000A /* Products */;
			projectDirPath = "";
			projectRoot = "";
			targets = (
				AA000007000000000000000A /* MotivationalScreenSaver */,
				CC000002000000000000000A /* Motivational Screen Saver */,
			);
		};
/* End PBXProject section */

/* Begin PBXResourcesBuildPhase section */
		AA000010000000000000000A /* Resources */ = {
			isa = PBXResourcesBuildPhase;
			buildActionMask = 2147483647;
			files = (
			);
			runOnlyForDeploymentPostprocessing = 0;
		};
		CC000007000000000000000A /* Resources */ = {
			isa = PBXResourcesBuildPhase;
			buildActionMask = 2147483647;
			files = (
			);
			runOnlyForDeploymentPostprocessing = 0;
		};
/* End PBXResourcesBuildPhase section */

/* Begin PBXSourcesBuildPhase section */
		AA00000E000000000000000A /* Sources */ = {
			isa = PBXSourcesBuildPhase;
			buildActionMask = 2147483647;
			files = (
				AA00001C000000000000000A /* Quote.swift in Sources */,
				AA00001D000000000000000A /* FallbackQuotes.swift in Sources */,
				AA00001E000000000000000A /* QuoteStore.swift in Sources */,
				AA00001F000000000000000A /* GradientView.swift in Sources */,
				AA000020000000000000000A /* QuoteCardView.swift in Sources */,
				AA000021000000000000000A /* ContentView.swift in Sources */,
				AA000022000000000000000A /* ScreenSaverView.swift in Sources */,
			);
			runOnlyForDeploymentPostprocessing = 0;
		};
		CC000006000000000000000A /* Sources */ = {
			isa = PBXSourcesBuildPhase;
			buildActionMask = 2147483647;
			files = (
				CC00000F000000000000000A /* AppMain.swift in Sources */,
				CC000010000000000000000A /* InstallView.swift in Sources */,
			);
			runOnlyForDeploymentPostprocessing = 0;
		};
/* End PBXSourcesBuildPhase section */

/* Begin PBXTargetDependency section */
		CC000012000000000000000A /* PBXTargetDependency */ = {
			isa = PBXTargetDependency;
			target = AA000007000000000000000A /* MotivationalScreenSaver */;
			targetProxy = CC000013000000000000000A /* PBXContainerItemProxy */;
		};
/* End PBXTargetDependency section */

/* Begin XCBuildConfiguration section */
		AA00000A000000000000000A /* Debug */ = {
			isa = XCBuildConfiguration;
			buildSettings = {
				ALWAYS_SEARCH_USER_PATHS = NO;
				CLANG_ANALYZER_NONNULL = YES;
				CLANG_CXX_LANGUAGE_STANDARD = "gnu++20";
				CLANG_ENABLE_MODULES = YES;
				CLANG_ENABLE_OBJC_ARC = YES;
				CLANG_ENABLE_OBJC_WEAK = YES;
				CLANG_WARN_BLOCK_CAPTURE_AUTORELEASING = YES;
				CLANG_WARN_BOOL_CONVERSION = YES;
				CLANG_WARN_CONSTANT_CONVERSION = YES;
				CLANG_WARN_DEPRECATED_OBJC_IMPLEMENTATIONS = YES;
				CLANG_WARN_DIRECT_OBJC_ISA_USAGE = YES_ERROR;
				CLANG_WARN_EMPTY_BODY = YES;
				CLANG_WARN_ENUM_CONVERSION = YES;
				CLANG_WARN_INFINITE_RECURSION = YES;
				CLANG_WARN_INT_CONVERSION = YES;
				CLANG_WARN_NON_LITERAL_NULL_CONVERSION = YES;
				CLANG_WARN_OBJC_IMPLICIT_RETAIN_SELF = YES;
				CLANG_WARN_OBJC_LITERAL_CONVERSION = YES;
				CLANG_WARN_OBJC_ROOT_CLASS = YES_ERROR;
				CLANG_WARN_RANGE_LOOP_ANALYSIS = YES;
				CLANG_WARN_STRICT_PROTOTYPES = YES;
				CLANG_WARN_SUSPICIOUS_MOVE = YES;
				CLANG_WARN_UNGUARDED_AVAILABILITY = YES_AGGRESSIVE;
				CLANG_WARN_UNREACHABLE_CODE = YES;
				CLANG_WARN__DUPLICATE_METHOD_MATCH = YES;
				COPY_PHASE_STRIP = NO;
				DEBUG_INFORMATION_FORMAT = dwarf;
				ENABLE_STRICT_OBJC_MSGSEND = YES;
				ENABLE_TESTABILITY = YES;
				GCC_C_LANGUAGE_STANDARD = gnu17;
				GCC_DYNAMIC_NO_PIC = NO;
				GCC_NO_COMMON_BLOCKS = YES;
				GCC_OPTIMIZATION_LEVEL = 0;
				GCC_PREPROCESSOR_DEFINITIONS = (
					"DEBUG=1",
					"$(inherited)",
				);
				GCC_WARN_64_TO_32_BIT_CONVERSION = YES;
				GCC_WARN_ABOUT_RETURN_TYPE = YES_ERROR;
				GCC_WARN_UNDECLARED_SELECTOR = YES;
				GCC_WARN_UNINITIALIZED_AUTOS = YES_AGGRESSIVE;
				GCC_WARN_UNUSED_FUNCTION = YES;
				GCC_WARN_UNUSED_VARIABLE = YES;
				MACOSX_DEPLOYMENT_TARGET = 12.0;
				MTL_ENABLE_DEBUG_INFO = INCLUDE_SOURCE;
				MTL_FAST_MATH = YES;
				ONLY_ACTIVE_ARCH = YES;
				SDKROOT = macosx;
				SWIFT_ACTIVE_COMPILATION_CONDITIONS = "DEBUG $(inherited)";
				SWIFT_OPTIMIZATION_LEVEL = "-Onone";
			};
			name = Debug;
		};
		AA00000B000000000000000A /* Release */ = {
			isa = XCBuildConfiguration;
			buildSettings = {
				ALWAYS_SEARCH_USER_PATHS = NO;
				CLANG_ANALYZER_NONNULL = YES;
				CLANG_CXX_LANGUAGE_STANDARD = "gnu++20";
				CLANG_ENABLE_MODULES = YES;
				CLANG_ENABLE_OBJC_ARC = YES;
				CLANG_ENABLE_OBJC_WEAK = YES;
				CLANG_WARN_BLOCK_CAPTURE_AUTORELEASING = YES;
				CLANG_WARN_BOOL_CONVERSION = YES;
				CLANG_WARN_CONSTANT_CONVERSION = YES;
				CLANG_WARN_DEPRECATED_OBJC_IMPLEMENTATIONS = YES;
				CLANG_WARN_DIRECT_OBJC_ISA_USAGE = YES_ERROR;
				CLANG_WARN_EMPTY_BODY = YES;
				CLANG_WARN_ENUM_CONVERSION = YES;
				CLANG_WARN_INFINITE_RECURSION = YES;
				CLANG_WARN_INT_CONVERSION = YES;
				CLANG_WARN_NON_LITERAL_NULL_CONVERSION = YES;
				CLANG_WARN_OBJC_IMPLICIT_RETAIN_SELF = YES;
				CLANG_WARN_OBJC_LITERAL_CONVERSION = YES;
				CLANG_WARN_OBJC_ROOT_CLASS = YES_ERROR;
				CLANG_WARN_RANGE_LOOP_ANALYSIS = YES;
				CLANG_WARN_STRICT_PROTOTYPES = YES;
				CLANG_WARN_SUSPICIOUS_MOVE = YES;
				CLANG_WARN_UNGUARDED_AVAILABILITY = YES_AGGRESSIVE;
				CLANG_WARN_UNREACHABLE_CODE = YES;
				CLANG_WARN__DUPLICATE_METHOD_MATCH = YES;
				COPY_PHASE_STRIP = NO;
				DEBUG_INFORMATION_FORMAT = "dwarf-with-dsym";
				ENABLE_NS_ASSERTIONS = NO;
				ENABLE_STRICT_OBJC_MSGSEND = YES;
				GCC_C_LANGUAGE_STANDARD = gnu17;
				GCC_NO_COMMON_BLOCKS = YES;
				GCC_WARN_64_TO_32_BIT_CONVERSION = YES;
				GCC_WARN_ABOUT_RETURN_TYPE = YES_ERROR;
				GCC_WARN_UNDECLARED_SELECTOR = YES;
				GCC_WARN_UNINITIALIZED_AUTOS = YES_AGGRESSIVE;
				GCC_WARN_UNUSED_FUNCTION = YES;
				GCC_WARN_UNUSED_VARIABLE = YES;
				MACOSX_DEPLOYMENT_TARGET = 12.0;
				MTL_FAST_MATH = YES;
				SDKROOT = macosx;
				SWIFT_COMPILATION_MODE = wholemodule;
				SWIFT_OPTIMIZATION_LEVEL = "-O";
			};
			name = Release;
		};
		AA00000C000000000000000A /* Debug */ = {
			isa = XCBuildConfiguration;
			buildSettings = {
				CODE_SIGN_ENTITLEMENTS = MotivationalScreenSaver.entitlements;
				CODE_SIGN_STYLE = Automatic;
				COMBINE_HIDPI_IMAGES = YES;
				DEVELOPMENT_TEAM = "";
				INFOPLIST_FILE = Resources/Info.plist;
				MACOSX_DEPLOYMENT_TARGET = 12.0;
				PRODUCT_BUNDLE_IDENTIFIER = "com.vinitbothra.MotivationalScreenSaver";
				PRODUCT_NAME = "$(TARGET_NAME)";
				SDKROOT = macosx;
				SKIP_INSTALL = YES;
				SWIFT_VERSION = 5.0;
			};
			name = Debug;
		};
		AA00000D000000000000000A /* Release */ = {
			isa = XCBuildConfiguration;
			buildSettings = {
				CODE_SIGN_ENTITLEMENTS = MotivationalScreenSaver.entitlements;
				CODE_SIGN_STYLE = Automatic;
				COMBINE_HIDPI_IMAGES = YES;
				DEVELOPMENT_TEAM = "";
				INFOPLIST_FILE = Resources/Info.plist;
				MACOSX_DEPLOYMENT_TARGET = 12.0;
				PRODUCT_BUNDLE_IDENTIFIER = "com.vinitbothra.MotivationalScreenSaver";
				PRODUCT_NAME = "$(TARGET_NAME)";
				SDKROOT = macosx;
				SKIP_INSTALL = YES;
				SWIFT_VERSION = 5.0;
			};
			name = Release;
		};
		CC000004000000000000000A /* Debug */ = {
			isa = XCBuildConfiguration;
			buildSettings = {
				CODE_SIGN_ENTITLEMENTS = App/MotivationalScreenSaverApp.entitlements;
				CODE_SIGN_STYLE = Automatic;
				COMBINE_HIDPI_IMAGES = YES;
				DEVELOPMENT_TEAM = "";
				INFOPLIST_FILE = App/Info.plist;
				MACOSX_DEPLOYMENT_TARGET = 12.0;
				PRODUCT_BUNDLE_IDENTIFIER = "com.vinitbothra.MotivationalScreenSaverApp";
				PRODUCT_NAME = "Motivational Screen Saver";
				SDKROOT = macosx;
				SWIFT_VERSION = 5.0;
			};
			name = Debug;
		};
		CC000005000000000000000A /* Release */ = {
			isa = XCBuildConfiguration;
			buildSettings = {
				CODE_SIGN_ENTITLEMENTS = App/MotivationalScreenSaverApp.entitlements;
				CODE_SIGN_STYLE = Automatic;
				COMBINE_HIDPI_IMAGES = YES;
				DEVELOPMENT_TEAM = "";
				INFOPLIST_FILE = App/Info.plist;
				MACOSX_DEPLOYMENT_TARGET = 12.0;
				PRODUCT_BUNDLE_IDENTIFIER = "com.vinitbothra.MotivationalScreenSaverApp";
				PRODUCT_NAME = "Motivational Screen Saver";
				SDKROOT = macosx;
				SWIFT_VERSION = 5.0;
			};
			name = Release;
		};
/* End XCBuildConfiguration section */

/* Begin XCConfigurationList section */
		AA000008000000000000000A /* Build configuration list for PBXProject "MotivationalScreenSaver" */ = {
			isa = XCConfigurationList;
			buildConfigurations = (
				AA00000A000000000000000A /* Debug */,
				AA00000B000000000000000A /* Release */,
			);
			defaultConfigurationIsVisible = 0;
			defaultConfigurationName = Release;
		};
		AA000009000000000000000A /* Build configuration list for PBXNativeTarget "MotivationalScreenSaver" */ = {
			isa = XCConfigurationList;
			buildConfigurations = (
				AA00000C000000000000000A /* Debug */,
				AA00000D000000000000000A /* Release */,
			);
			defaultConfigurationIsVisible = 0;
			defaultConfigurationName = Release;
		};
		CC000003000000000000000A /* Build configuration list for PBXNativeTarget "Motivational Screen Saver" */ = {
			isa = XCConfigurationList;
			buildConfigurations = (
				CC000004000000000000000A /* Debug */,
				CC000005000000000000000A /* Release */,
			);
			defaultConfigurationIsVisible = 0;
			defaultConfigurationName = Release;
		};
/* End XCConfigurationList section */

	};
	rootObject = AA000001000000000000000A /* Project object */;
}
